
Microsoft Visual Studio Solution File, Format Version 12.00
# Visual Studio 15
VisualStudioVersion = 15.0.27703.2047
MinimumVisualStudioVersion = 10.0.40219.1
Project("{8BC9CEB8-8B4A-11D0-8D11-00A0C91BC942}") = "klog", "klog.vcxproj", "{49C6373F-EEB6-421A-AC0D-2D59718DBD18}"
EndProject
Global
	GlobalSection(SolutionConfigurationPlatforms) = preSolution
		Debug|x64 = Debug|x64
		Debug|x86 = Debug|x86
		Release|x64 = Release|x64
		Release|x86 = Release|x86
	EndGlobalSection
	GlobalSection(ProjectConfigurationPlatforms) = postSolution
		{49C6373F-EEB6-421A-AC0D-2D59718DBD18}.Debug|x64.ActiveCfg = Debug|x64
		{49C6373F-EEB6-421A-AC0D-2D59718DBD18}.Debug|x64.Build.0 = Debug|x64
		{49C6373F-EEB6-421A-AC0D-2D59718DBD18}.Debug|x86.ActiveCfg = Debug|Win32
		{49C6373F-EEB6-421A-AC0D-2D59718DBD18}.Debug|x86.Build.0 = Debug|Win32
		{49C6373F-EEB6-421A-AC0D-2D59718DBD18}.Release|x64.ActiveCfg = Release|x64
		{49C6373F-EEB6-421A-AC0D-2D59718DBD18}.Release|x64.Build.0 = Release|x64
		{49C6373F-EEB6-421A-AC0D-2D59718DBD18}.Release|x86.ActiveCfg = Release|Win32
		{49C6373F-EEB6-421A-AC0D-2D59718DBD18}.Release|x86.Build.0 = Release|Win32
	EndGlobalSection
	GlobalSection(SolutionProperties) = preSolution
		HideSolutionNode = FALSE
	EndGlobalSection
	GlobalSection(ExtensibilityGlobals) = postSolution
		SolutionGuid = {325D920C-5B23-4B63-8EA6-CF49A733F6B1}
	EndGlobalSection
EndGlobal
